
Microsoft Visual Studio Solution File, Format Version 12.00
# Visual Studio Version 17
VisualStudioVersion = 17.6.33815.320
MinimumVisualStudioVersion = 10.0.40219.1
Project("{FAE04EC0-301F-11D3-BF4B-00C04F79EFBC}") = "CountNegativeNumbersInASortedMatrix", "CountNegativeNumbersInASortedMatrix\CountNegativeNumbersInASortedMatrix.csproj", "{896AEBD1-378A-46AA-A38A-E7979A40BD21}"
EndProject
Global
	GlobalSection(SolutionConfigurationPlatforms) = preSolution
		Debug|Any CPU = Debug|Any CPU
		Release|Any CPU = Release|Any CPU
	EndGlobalSection
	GlobalSection(ProjectConfigurationPlatforms) = postSolution
		{896AEBD1-378A-46AA-A38A-E7979A40BD21}.Debug|Any CPU.ActiveCfg = Debug|Any CPU
		{896AEBD1-378A-46AA-A38A-E7979A40BD21}.Debug|Any CPU.Build.0 = Debug|Any CPU
		{896AEBD1-378A-46AA-A38A-E7979A40BD21}.Release|Any CPU.ActiveCfg = Release|Any CPU
		{896AEBD1-378A-46AA-A38A-E7979A40BD21}.Release|Any CPU.Build.0 = Release|Any CPU
	EndGlobalSection
	GlobalSection(SolutionProperties) = preSolution
		HideSolutionNode = FALSE
	EndGlobalSection
	GlobalSection(ExtensibilityGlobals) = postSolution
		SolutionGuid = {6E63E696-08DA-4ED2-961A-2F84B93E7363}
	EndGlobalSection
EndGlobal
